
Microsoft Visual Studio Solution File, Format Version 12.00
# Visual Studio Version 17
VisualStudioVersion = 17.5.33516.290
MinimumVisualStudioVersion = 10.0.40219.1
Project("{9A19103F-16F7-4668-BE54-9A1E7A4F7556}") = "Lec03LibN", "Lec03LibN.csproj", "{E2E7F2AB-DB43-4AA9-B8A3-4FEF8CEACEFF}"
EndProject
Project("{FAE04EC0-301F-11D3-BF4B-00C04F79EFBC}") = "PP03", "..\PP03\PP03.csproj", "{89804AFC-170D-4162-8BCE-4E0BDC3DE8CA}"
EndProject
Global
	GlobalSection(SolutionConfigurationPlatforms) = preSolution
		Debug|Any CPU = Debug|Any CPU
		Release|Any CPU = Release|Any CPU
	EndGlobalSection
	GlobalSection(ProjectConfigurationPlatforms) = postSolution
		{E2E7F2AB-DB43-4AA9-B8A3-4FEF8CEACEFF}.Debug|Any CPU.ActiveCfg = Debug|Any CPU
		{E2E7F2AB-DB43-4AA9-B8A3-4FEF8CEACEFF}.Debug|Any CPU.Build.0 = Debug|Any CPU
		{E2E7F2AB-DB43-4AA9-B8A3-4FEF8CEACEFF}.Release|Any CPU.ActiveCfg = Release|Any CPU
		{E2E7F2AB-DB43-4AA9-B8A3-4FEF8CEACEFF}.Release|Any CPU.Build.0 = Release|Any CPU
		{89804AFC-170D-4162-8BCE-4E0BDC3DE8CA}.Debug|Any CPU.ActiveCfg = Debug|Any CPU
		{89804AFC-170D-4162-8BCE-4E0BDC3DE8CA}.Debug|Any CPU.Build.0 = Debug|Any CPU
		{89804AFC-170D-4162-8BCE-4E0BDC3DE8CA}.Release|Any CPU.ActiveCfg = Release|Any CPU
		{89804AFC-170D-4162-8BCE-4E0BDC3DE8CA}.Release|Any CPU.Build.0 = Release|Any CPU
	EndGlobalSection
	GlobalSection(SolutionProperties) = preSolution
		HideSolutionNode = FALSE
	EndGlobalSection
	GlobalSection(ExtensibilityGlobals) = postSolution
		SolutionGuid = {215FA196-9981-4E10-88BD-6D21B2D3DB3A}
	EndGlobalSection
EndGlobal
